<?xml version="1.0" encoding="utf-8"?>
<Project ToolsVersion="4.0" xmlns="http://schemas.microsoft.com/developer/msbuild/2003">
  <ItemGroup>
    <Filter Include="Source Files">
      <UniqueIdentifier>{4FC737F1-C7A5-4376-A066-2A32D752A2FF}</UniqueIdentifier>
      <Extensions>cpp;c;cc;cxx;def;odl;idl;hpj;bat;asm;asmx</Extensions>
    </Filter>
    <Filter Include="Source Files\Processor">
      <UniqueIdentifier>{3acdec04-aebd-4036-afdc-242d7fc0aebd}</UniqueIdentifier>
    </Filter>
    <Filter Include="Source Files\PEImage">
      <UniqueIdentifier>{1dd2083e-0a01-4758-89f0-d5ad7ce01894}</UniqueIdentifier>
    </Filter>
    <Filter Include="Source Files\Common">
      <UniqueIdentifier>{56627b6e-6ee9-43da-b6c9-54c1f4d026b4}</UniqueIdentifier>
    </Filter>
    <Filter Include="Source Files\ProfileManager">
      <UniqueIdentifier>{55d04dcd-590e-4c8f-ba5e-f151b5486b8c}</UniqueIdentifier>
    </Filter>
    <Filter Include="Source Files\Logger">
      <UniqueIdentifier>{4c4a282d-73a2-498c-8dba-7df9fda49364}</UniqueIdentifier>
    </Filter>
    <Filter Include="Source Files\VM">
      <UniqueIdentifier>{4c940103-ce32-45dd-a157-62ae9e6d245a}</UniqueIdentifier>
    </Filter>
    <Filter Include="Source Files\ASM">
      <UniqueIdentifier>{7eccebe9-8ffa-48c7-a45f-d2ed5d2580e2}</UniqueIdentifier>
    </Filter>
  </ItemGroup>
  <ItemGroup>
    <Text Include="ReadMe.txt" />
  </ItemGroup>
  <ItemGroup>
    <ClCompile Include="src\Nho.cpp">
      <Filter>Source Files</Filter>
    </ClCompile>
    <ClCompile Include="src\NhoProcessor.cpp">
      <Filter>Source Files\Processor</Filter>
    </ClCompile>
    <ClCompile Include="src\PEImage.cpp">
      <Filter>Source Files\PEImage</Filter>
    </ClCompile>
    <ClCompile Include="src\ProfileManager.cpp">
      <Filter>Source Files\ProfileManager</Filter>
    </ClCompile>
    <ClCompile Include="src\Logger.cpp">
      <Filter>Source Files\Logger</Filter>
    </ClCompile>
    <ClCompile Include="src\global.cpp">
      <Filter>Source Files\Common</Filter>
    </ClCompile>
    <ClCompile Include="src\Translator.cpp">
      <Filter>Source Files\VM</Filter>
    </ClCompile>
    <ClCompile Include="src\asm\libudis86\decode.c">
      <Filter>Source Files\ASM</Filter>
    </ClCompile>
    <ClCompile Include="src\asm\libudis86\itab.c">
      <Filter>Source Files\ASM</Filter>
    </ClCompile>
    <ClCompile Include="src\asm\libudis86\syn.c">
      <Filter>Source Files\ASM</Filter>
    </ClCompile>
    <ClCompile Include="src\asm\libudis86\syn-att.c">
      <Filter>Source Files\ASM</Filter>
    </ClCompile>
    <ClCompile Include="src\asm\libudis86\syn-intel.c">
      <Filter>Source Files\ASM</Filter>
    </ClCompile>
    <ClCompile Include="src\asm\libudis86\udis86.c">
      <Filter>Source Files\ASM</Filter>
    </ClCompile>
    <ClCompile Include="src\NhoVM.cpp">
      <Filter>Source Files\VM</Filter>
    </ClCompile>
  </ItemGroup>
  <ItemGroup>
    <ClInclude Include="src\common\common.h">
      <Filter>Source Files\Common</Filter>
    </ClInclude>
    <ClInclude Include="src\NhoProcessor.h">
      <Filter>Source Files\Processor</Filter>
    </ClInclude>
    <ClInclude Include="src\PEImage.h">
      <Filter>Source Files\PEImage</Filter>
    </ClInclude>
    <ClInclude Include="src\ProfileManager.h">
      <Filter>Source Files\ProfileManager</Filter>
    </ClInclude>
    <ClInclude Include="src\Logger.h">
      <Filter>Source Files\Logger</Filter>
    </ClInclude>
    <ClInclude Include="src\global.h">
      <Filter>Source Files\Common</Filter>
    </ClInclude>
    <ClInclude Include="src\Translator.h">
      <Filter>Source Files\VM</Filter>
    </ClInclude>
    <ClInclude Include="src\asm\libudis86\decode.h">
      <Filter>Source Files\ASM</Filter>
    </ClInclude>
    <ClInclude Include="src\asm\libudis86\extern.h">
      <Filter>Source Files\ASM</Filter>
    </ClInclude>
    <ClInclude Include="src\asm\libudis86\itab.h">
      <Filter>Source Files\ASM</Filter>
    </ClInclude>
    <ClInclude Include="src\asm\libudis86\syn.h">
      <Filter>Source Files\ASM</Filter>
    </ClInclude>
    <ClInclude Include="src\asm\libudis86\types.h">
      <Filter>Source Files\ASM</Filter>
    </ClInclude>
    <ClInclude Include="src\asm\libudis86\udint.h">
      <Filter>Source Files\ASM</Filter>
    </ClInclude>
    <ClInclude Include="src\NhoVM.h">
      <Filter>Source Files\VM</Filter>
    </ClInclude>
  </ItemGroup>
</Project>